
Microsoft Visual Studio Solution File, Format Version 12.00
# Visual Studio Version 17
VisualStudioVersion = 17.0.31903.59
MinimumVisualStudioVersion = 10.0.40219.1
Project("{FAE04EC0-301F-11D3-BF4B-00C04F79EFBC}") = "ASRR.Revit.Core", "ASRR.Revit.Core\ASRR.Revit.Core.csproj", "{B27DB570-D194-4A51-853D-303577FD4828}"
EndProject
Project("{9A19103F-16F7-4668-BE54-9A1E7A4F7556}") = "Build", "build\Build.csproj", "{1CDBB2B4-C5F7-4747-A6A9-2F746C249C44}"
EndProject
Global
	GlobalSection(SolutionConfigurationPlatforms) = preSolution
		Debug|Any CPU = Debug|Any CPU
		Release|Any CPU = Release|Any CPU
	EndGlobalSection
	GlobalSection(SolutionProperties) = preSolution
		HideSolutionNode = FALSE
	EndGlobalSection
	GlobalSection(ProjectConfigurationPlatforms) = postSolution
		{1CDBB2B4-C5F7-4747-A6A9-2F746C249C44}.Debug|Any CPU.ActiveCfg = Debug|Any CPU
		{1CDBB2B4-C5F7-4747-A6A9-2F746C249C44}.Release|Any CPU.ActiveCfg = Release|Any CPU
		{B27DB570-D194-4A51-853D-303577FD4828}.Debug|Any CPU.ActiveCfg = Debug|Any CPU
		{B27DB570-D194-4A51-853D-303577FD4828}.Debug|Any CPU.Build.0 = Debug|Any CPU
		{B27DB570-D194-4A51-853D-303577FD4828}.Release|Any CPU.ActiveCfg = Release|Any CPU
		{B27DB570-D194-4A51-853D-303577FD4828}.Release|Any CPU.Build.0 = Release|Any CPU
	EndGlobalSection
EndGlobal
